
Microsoft Visual Studio Solution File, Format Version 12.00
# Visual Studio Version 17
VisualStudioVersion = 17.4.33122.133
MinimumVisualStudioVersion = 10.0.40219.1
Project("{9A19103F-16F7-4668-BE54-9A1E7A4F7556}") = "Server", "Server\Server.csproj", "{C75ACBD8-65CF-41D6-BEB1-A3B4523BDD7A}"
EndProject
Project("{9A19103F-16F7-4668-BE54-9A1E7A4F7556}") = "Data", "Data\Data.csproj", "{9A5E4B9A-B55E-4649-A905-B3AE1392EF12}"
EndProject
Project("{9A19103F-16F7-4668-BE54-9A1E7A4F7556}") = "BusinessLogic", "BusinessLogic\BusinessLogic.csproj", "{1362E4DB-5627-4170-B664-0C541893A4D5}"
EndProject
Global
	GlobalSection(SolutionConfigurationPlatforms) = preSolution
		Debug|Any CPU = Debug|Any CPU
		Release|Any CPU = Release|Any CPU
	EndGlobalSection
	GlobalSection(ProjectConfigurationPlatforms) = postSolution
		{C75ACBD8-65CF-41D6-BEB1-A3B4523BDD7A}.Debug|Any CPU.ActiveCfg = Debug|Any CPU
		{C75ACBD8-65CF-41D6-BEB1-A3B4523BDD7A}.Debug|Any CPU.Build.0 = Debug|Any CPU
		{C75ACBD8-65CF-41D6-BEB1-A3B4523BDD7A}.Release|Any CPU.ActiveCfg = Release|Any CPU
		{C75ACBD8-65CF-41D6-BEB1-A3B4523BDD7A}.Release|Any CPU.Build.0 = Release|Any CPU
		{9A5E4B9A-B55E-4649-A905-B3AE1392EF12}.Debug|Any CPU.ActiveCfg = Debug|Any CPU
		{9A5E4B9A-B55E-4649-A905-B3AE1392EF12}.Debug|Any CPU.Build.0 = Debug|Any CPU
		{9A5E4B9A-B55E-4649-A905-B3AE1392EF12}.Release|Any CPU.ActiveCfg = Release|Any CPU
		{9A5E4B9A-B55E-4649-A905-B3AE1392EF12}.Release|Any CPU.Build.0 = Release|Any CPU
		{1362E4DB-5627-4170-B664-0C541893A4D5}.Debug|Any CPU.ActiveCfg = Debug|Any CPU
		{1362E4DB-5627-4170-B664-0C541893A4D5}.Debug|Any CPU.Build.0 = Debug|Any CPU
		{1362E4DB-5627-4170-B664-0C541893A4D5}.Release|Any CPU.ActiveCfg = Release|Any CPU
		{1362E4DB-5627-4170-B664-0C541893A4D5}.Release|Any CPU.Build.0 = Release|Any CPU
	EndGlobalSection
	GlobalSection(SolutionProperties) = preSolution
		HideSolutionNode = FALSE
	EndGlobalSection
	GlobalSection(ExtensibilityGlobals) = postSolution
		SolutionGuid = {AA11E448-5CC6-4EA6-9A83-E860D93BACCA}
	EndGlobalSection
EndGlobal
